
Microsoft Visual Studio Solution File, Format Version 12.00
# Visual Studio 14
VisualStudioVersion = 14.0.25420.1
MinimumVisualStudioVersion = 10.0.40219.1
Project("{FAE04EC0-301F-11D3-BF4B-00C04F79EFBC}") = "DiceRollerSolution", "DiceRollerSolution\DiceRollerSolution.csproj", "{412122EA-DCF6-40F1-9DB6-F059B4D25DB7}"
EndProject
Project("{FAE04EC0-301F-11D3-BF4B-00C04F79EFBC}") = "DiceRollerLogic", "DiceRollerLogic\DiceRollerLogic.csproj", "{84213019-F034-4420-A78B-211F9C64F4B2}"
EndProject
Project("{FAE04EC0-301F-11D3-BF4B-00C04F79EFBC}") = "DiceRollerWeb", "DiceRollerWeb\DiceRollerWeb.csproj", "{85D41745-B01A-4D3E-A1F2-0B6BEB69A1F2}"
EndProject
Global
	GlobalSection(SolutionConfigurationPlatforms) = preSolution
		Debug|Any CPU = Debug|Any CPU
		Release|Any CPU = Release|Any CPU
	EndGlobalSection
	GlobalSection(ProjectConfigurationPlatforms) = postSolution
		{412122EA-DCF6-40F1-9DB6-F059B4D25DB7}.Debug|Any CPU.ActiveCfg = Debug|Any CPU
		{412122EA-DCF6-40F1-9DB6-F059B4D25DB7}.Debug|Any CPU.Build.0 = Debug|Any CPU
		{412122EA-DCF6-40F1-9DB6-F059B4D25DB7}.Release|Any CPU.ActiveCfg = Release|Any CPU
		{412122EA-DCF6-40F1-9DB6-F059B4D25DB7}.Release|Any CPU.Build.0 = Release|Any CPU
		{84213019-F034-4420-A78B-211F9C64F4B2}.Debug|Any CPU.ActiveCfg = Debug|Any CPU
		{84213019-F034-4420-A78B-211F9C64F4B2}.Debug|Any CPU.Build.0 = Debug|Any CPU
		{84213019-F034-4420-A78B-211F9C64F4B2}.Release|Any CPU.ActiveCfg = Release|Any CPU
		{84213019-F034-4420-A78B-211F9C64F4B2}.Release|Any CPU.Build.0 = Release|Any CPU
		{85D41745-B01A-4D3E-A1F2-0B6BEB69A1F2}.Debug|Any CPU.ActiveCfg = Debug|Any CPU
		{85D41745-B01A-4D3E-A1F2-0B6BEB69A1F2}.Debug|Any CPU.Build.0 = Debug|Any CPU
		{85D41745-B01A-4D3E-A1F2-0B6BEB69A1F2}.Release|Any CPU.ActiveCfg = Release|Any CPU
		{85D41745-B01A-4D3E-A1F2-0B6BEB69A1F2}.Release|Any CPU.Build.0 = Release|Any CPU
	EndGlobalSection
	GlobalSection(SolutionProperties) = preSolution
		HideSolutionNode = FALSE
	EndGlobalSection
EndGlobal
